{"filter":false,"title":"Gemfile.lock","tooltip":"/meshiterro/Gemfile.lock","undoManager":{"mark":0,"position":0,"stack":[[{"start":{"row":64,"column":0},"end":{"row":65,"column":0},"action":"insert","lines":["    bcrypt (3.1.18)",""],"id":2,"ignore":true},{"start":{"row":82,"column":0},"end":{"row":88,"column":0},"action":"insert","lines":["    devise (4.9.2)","      bcrypt (~> 3.0)","      orm_adapter (~> 0.1)","      railties (>= 4.1.0)","      responders","      warden (~> 1.2.3)",""]},{"start":{"row":130,"column":0},"end":{"row":131,"column":0},"action":"insert","lines":["    orm_adapter (0.5.0)",""]},{"start":{"row":173,"column":0},"end":{"row":176,"column":0},"action":"insert","lines":["    responders (3.1.0)","      actionpack (>= 5.2)","      railties (>= 5.2)",""]},{"start":{"row":212,"column":0},"end":{"row":214,"column":0},"action":"insert","lines":["    warden (1.2.9)","      rack (>= 2.0.9)",""]},{"start":{"row":243,"column":0},"end":{"row":244,"column":0},"action":"insert","lines":["  devise",""]}]]},"ace":{"folds":[],"scrolltop":0,"scrollleft":0,"selection":{"start":{"row":0,"column":0},"end":{"row":0,"column":0},"isBackwards":false},"options":{"guessTabSize":true,"useWrapMode":false,"wrapToView":true},"firstLineState":{"row":46,"state":"start","mode":"ace/mode/text"}},"timestamp":1684302194628,"hash":"7c6d462d5181ff0b9ba9f1fb91ce48eb142a224a"}